
Microsoft Visual Studio Solution File, Format Version 12.00
# Visual Studio Version 16
VisualStudioVersion = 16.0.30711.63
MinimumVisualStudioVersion = 10.0.40219.1
Project("{FAE04EC0-301F-11D3-BF4B-00C04F79EFBC}") = "Exercise_WE", "Exercise_WE\Exercise_WE.csproj", "{5E7CD616-E721-4931-BBD4-163AF73EFBB1}"
EndProject
Global
	GlobalSection(SolutionConfigurationPlatforms) = preSolution
		Debug|Any CPU = Debug|Any CPU
		Release|Any CPU = Release|Any CPU
	EndGlobalSection
	GlobalSection(ProjectConfigurationPlatforms) = postSolution
		{5E7CD616-E721-4931-BBD4-163AF73EFBB1}.Debug|Any CPU.ActiveCfg = Debug|Any CPU
		{5E7CD616-E721-4931-BBD4-163AF73EFBB1}.Debug|Any CPU.Build.0 = Debug|Any CPU
		{5E7CD616-E721-4931-BBD4-163AF73EFBB1}.Release|Any CPU.ActiveCfg = Release|Any CPU
		{5E7CD616-E721-4931-BBD4-163AF73EFBB1}.Release|Any CPU.Build.0 = Release|Any CPU
	EndGlobalSection
	GlobalSection(SolutionProperties) = preSolution
		HideSolutionNode = FALSE
	EndGlobalSection
	GlobalSection(ExtensibilityGlobals) = postSolution
		SolutionGuid = {08844A7B-EB82-4C39-B7C3-62F72FB352D4}
	EndGlobalSection
EndGlobal
