
Microsoft Visual Studio Solution File, Format Version 12.00
# Visual Studio Version 16
VisualStudioVersion = 16.0.30711.63
MinimumVisualStudioVersion = 10.0.40219.1
Project("{FAE04EC0-301F-11D3-BF4B-00C04F79EFBC}") = "Exercise_Post", "Exercise_Post\Exercise_Post.csproj", "{A9F2590E-FFB1-4076-BD17-5BAEDAAD4FCC}"
EndProject
Global
	GlobalSection(SolutionConfigurationPlatforms) = preSolution
		Debug|Any CPU = Debug|Any CPU
		Release|Any CPU = Release|Any CPU
	EndGlobalSection
	GlobalSection(ProjectConfigurationPlatforms) = postSolution
		{A9F2590E-FFB1-4076-BD17-5BAEDAAD4FCC}.Debug|Any CPU.ActiveCfg = Debug|Any CPU
		{A9F2590E-FFB1-4076-BD17-5BAEDAAD4FCC}.Debug|Any CPU.Build.0 = Debug|Any CPU
		{A9F2590E-FFB1-4076-BD17-5BAEDAAD4FCC}.Release|Any CPU.ActiveCfg = Release|Any CPU
		{A9F2590E-FFB1-4076-BD17-5BAEDAAD4FCC}.Release|Any CPU.Build.0 = Release|Any CPU
	EndGlobalSection
	GlobalSection(SolutionProperties) = preSolution
		HideSolutionNode = FALSE
	EndGlobalSection
	GlobalSection(ExtensibilityGlobals) = postSolution
		SolutionGuid = {691E0819-93CB-40E6-928A-0C80917C611A}
	EndGlobalSection
EndGlobal
